// !$*UTF8*$!
{
	archiveVersion = 1;
	classes = {
	};
	objectVersion = 55;
	objects = {

/* Begin PBXBuildFile section */
		3500E45E28B9A0B400DCEDAA /* CalendarViewController.swift in Sources */ = {isa = PBXBuildFile; fileRef = 3500E45D28B9A0B400DCEDAA /* CalendarViewController.swift */; };
		3500E46228B9A36100DCEDAA /* DiaryViewController.swift in Sources */ = {isa = PBXBuildFile; fileRef = 3500E46128B9A36100DCEDAA /* DiaryViewController.swift */; };
		3500E46428B9A3A200DCEDAA /* DataViewController.swift in Sources */ = {isa = PBXBuildFile; fileRef = 3500E46328B9A3A200DCEDAA /* DataViewController.swift */; };
		3500E46628B9A56F00DCEDAA /* UIViewController+Extension.swift in Sources */ = {isa = PBXBuildFile; fileRef = 3500E46528B9A56F00DCEDAA /* UIViewController+Extension.swift */; };
		3500E46828BA459500DCEDAA /* ReusableProtocol.swift in Sources */ = {isa = PBXBuildFile; fileRef = 3500E46728BA459500DCEDAA /* ReusableProtocol.swift */; };
		3500E46B28BA541100DCEDAA /* DiaryView.swift in Sources */ = {isa = PBXBuildFile; fileRef = 3500E46A28BA541100DCEDAA /* DiaryView.swift */; };
		3500E46D28BA5AA200DCEDAA /* WriteViewController.swift in Sources */ = {isa = PBXBuildFile; fileRef = 3500E46C28BA5AA200DCEDAA /* WriteViewController.swift */; };
		3500E46F28BA5AAE00DCEDAA /* WriteView.swift in Sources */ = {isa = PBXBuildFile; fileRef = 3500E46E28BA5AAE00DCEDAA /* WriteView.swift */; };
		35127D0D28BB6A1D00D5EBC4 /* BaseTextField.swift in Sources */ = {isa = PBXBuildFile; fileRef = 35127D0C28BB6A1D00D5EBC4 /* BaseTextField.swift */; };
		35127D1028BB6F3700D5EBC4 /* IQKeyboardManagerSwift in Frameworks */ = {isa = PBXBuildFile; productRef = 35127D0F28BB6F3700D5EBC4 /* IQKeyboardManagerSwift */; };
		351CB33E28BA69F900E11A0D /* TabBarController.swift in Sources */ = {isa = PBXBuildFile; fileRef = 351CB33D28BA69F900E11A0D /* TabBarController.swift */; };
		351CB34128BA6AF300E11A0D /* SnapKit in Frameworks */ = {isa = PBXBuildFile; productRef = 351CB34028BA6AF300E11A0D /* SnapKit */; };
		351CB34328BA6B6800E11A0D /* BaseView.swift in Sources */ = {isa = PBXBuildFile; fileRef = 351CB34228BA6B6800E11A0D /* BaseView.swift */; };
		351CB34528BA6C5900E11A0D /* DiaryTableViewCell.swift in Sources */ = {isa = PBXBuildFile; fileRef = 351CB34428BA6C5900E11A0D /* DiaryTableViewCell.swift */; };
		351CB34728BA715F00E11A0D /* BaseTableViewCell.swift in Sources */ = {isa = PBXBuildFile; fileRef = 351CB34628BA715F00E11A0D /* BaseTableViewCell.swift */; };
		351CB34A28BA71E800E11A0D /* BaseViewController.swift in Sources */ = {isa = PBXBuildFile; fileRef = 351CB34928BA71E800E11A0D /* BaseViewController.swift */; };
		351CB34C28BA746800E11A0D /* BaseLabel.swift in Sources */ = {isa = PBXBuildFile; fileRef = 351CB34B28BA746800E11A0D /* BaseLabel.swift */; };
		351CB34F28BA762400E11A0D /* Then in Frameworks */ = {isa = PBXBuildFile; productRef = 351CB34E28BA762400E11A0D /* Then */; };
		351CB35128BB3DAC00E11A0D /* BaseButton.swift in Sources */ = {isa = PBXBuildFile; fileRef = 351CB35028BB3DAC00E11A0D /* BaseButton.swift */; };
		351CB35428BB49E900E11A0D /* DiaryPhotoCollectionViewCell.swift in Sources */ = {isa = PBXBuildFile; fileRef = 351CB35328BB49E800E11A0D /* DiaryPhotoCollectionViewCell.swift */; };
		35468D4728BB8904004D8216 /* WritePhotoCollectionViewCell.swift in Sources */ = {isa = PBXBuildFile; fileRef = 35468D4628BB8904004D8216 /* WritePhotoCollectionViewCell.swift */; };
		35468D4A28BBAEE7004D8216 /* Realm in Frameworks */ = {isa = PBXBuildFile; productRef = 35468D4928BBAEE7004D8216 /* Realm */; };
		35468D4C28BBAEE7004D8216 /* RealmSwift in Frameworks */ = {isa = PBXBuildFile; productRef = 35468D4B28BBAEE7004D8216 /* RealmSwift */; };
		35468D4E28BBAF28004D8216 /* Model.swift in Sources */ = {isa = PBXBuildFile; fileRef = 35468D4D28BBAF28004D8216 /* Model.swift */; };
		35468D5128BC1059004D8216 /* FSCalendar in Frameworks */ = {isa = PBXBuildFile; productRef = 35468D5028BC1059004D8216 /* FSCalendar */; };
		35468D5328BC1077004D8216 /* CalendarView.swift in Sources */ = {isa = PBXBuildFile; fileRef = 35468D5228BC1077004D8216 /* CalendarView.swift */; };
		35468D5528BC1888004D8216 /* UIView+Extension.swift in Sources */ = {isa = PBXBuildFile; fileRef = 35468D5428BC1888004D8216 /* UIView+Extension.swift */; };
		35FF376A28750AB800238889 /* AppDelegate.swift in Sources */ = {isa = PBXBuildFile; fileRef = 35FF376928750AB800238889 /* AppDelegate.swift */; };
		35FF376C28750AB800238889 /* SceneDelegate.swift in Sources */ = {isa = PBXBuildFile; fileRef = 35FF376B28750AB800238889 /* SceneDelegate.swift */; };
		35FF376E28750AB800238889 /* ViewController.swift in Sources */ = {isa = PBXBuildFile; fileRef = 35FF376D28750AB800238889 /* ViewController.swift */; };
		35FF377128750AB800238889 /* Main.storyboard in Resources */ = {isa = PBXBuildFile; fileRef = 35FF376F28750AB800238889 /* Main.storyboard */; };
		35FF377328750ABD00238889 /* Assets.xcassets in Resources */ = {isa = PBXBuildFile; fileRef = 35FF377228750ABD00238889 /* Assets.xcassets */; };
		35FF377628750ABD00238889 /* LaunchScreen.storyboard in Resources */ = {isa = PBXBuildFile; fileRef = 35FF377428750ABD00238889 /* LaunchScreen.storyboard */; };
/* End PBXBuildFile section */

/* Begin PBXFileReference section */
		3500E45D28B9A0B400DCEDAA /* CalendarViewController.swift */ = {isa = PBXFileReference; lastKnownFileType = sourcecode.swift; path = CalendarViewController.swift; sourceTree = "<group>"; };
		3500E46128B9A36100DCEDAA /* DiaryViewController.swift */ = {isa = PBXFileReference; lastKnownFileType = sourcecode.swift; path = DiaryViewController.swift; sourceTree = "<group>"; };
		3500E46328B9A3A200DCEDAA /* DataViewController.swift */ = {isa = PBXFileReference; lastKnownFileType = sourcecode.swift; path = DataViewController.swift; sourceTree = "<group>"; };
		3500E46528B9A56F00DCEDAA /* UIViewController+Extension.swift */ = {isa = PBXFileReference; lastKnownFileType = sourcecode.swift; path = "UIViewController+Extension.swift"; sourceTree = "<group>"; };
		3500E46728BA459500DCEDAA /* ReusableProtocol.swift */ = {isa = PBXFileReference; lastKnownFileType = sourcecode.swift; path = ReusableProtocol.swift; sourceTree = "<group>"; };
		3500E46A28BA541100DCEDAA /* DiaryView.swift */ = {isa = PBXFileReference; lastKnownFileType = sourcecode.swift; path = DiaryView.swift; sourceTree = "<group>"; };
		3500E46C28BA5AA200DCEDAA /* WriteViewController.swift */ = {isa = PBXFileReference; lastKnownFileType = sourcecode.swift; path = WriteViewController.swift; sourceTree = "<group>"; };
		3500E46E28BA5AAE00DCEDAA /* WriteView.swift */ = {isa = PBXFileReference; lastKnownFileType = sourcecode.swift; path = WriteView.swift; sourceTree = "<group>"; };
		35127D0C28BB6A1D00D5EBC4 /* BaseTextField.swift */ = {isa = PBXFileReference; lastKnownFileType = sourcecode.swift; path = BaseTextField.swift; sourceTree = "<group>"; };
		351CB33D28BA69F900E11A0D /* TabBarController.swift */ = {isa = PBXFileReference; fileEncoding = 4; lastKnownFileType = sourcecode.swift; path = TabBarController.swift; sourceTree = "<group>"; };
		351CB34228BA6B6800E11A0D /* BaseView.swift */ = {isa = PBXFileReference; lastKnownFileType = sourcecode.swift; path = BaseView.swift; sourceTree = "<group>"; };
		351CB34428BA6C5900E11A0D /* DiaryTableViewCell.swift */ = {isa = PBXFileReference; lastKnownFileType = sourcecode.swift; path = DiaryTableViewCell.swift; sourceTree = "<group>"; };
		351CB34628BA715F00E11A0D /* BaseTableViewCell.swift */ = {isa = PBXFileReference; lastKnownFileType = sourcecode.swift; path = BaseTableViewCell.swift; sourceTree = "<group>"; };
		351CB34928BA71E800E11A0D /* BaseViewController.swift */ = {isa = PBXFileReference; lastKnownFileType = sourcecode.swift; path = BaseViewController.swift; sourceTree = "<group>"; };
		351CB34B28BA746800E11A0D /* BaseLabel.swift */ = {isa = PBXFileReference; lastKnownFileType = sourcecode.swift; path = BaseLabel.swift; sourceTree = "<group>"; };
		351CB35028BB3DAC00E11A0D /* BaseButton.swift */ = {isa = PBXFileReference; lastKnownFileType = sourcecode.swift; path = BaseButton.swift; sourceTree = "<group>"; };
		351CB35328BB49E800E11A0D /* DiaryPhotoCollectionViewCell.swift */ = {isa = PBXFileReference; lastKnownFileType = sourcecode.swift; path = DiaryPhotoCollectionViewCell.swift; sourceTree = "<group>"; };
		35468D4628BB8904004D8216 /* WritePhotoCollectionViewCell.swift */ = {isa = PBXFileReference; lastKnownFileType = sourcecode.swift; path = WritePhotoCollectionViewCell.swift; sourceTree = "<group>"; };
		35468D4D28BBAF28004D8216 /* Model.swift */ = {isa = PBXFileReference; lastKnownFileType = sourcecode.swift; path = Model.swift; sourceTree = "<group>"; };
		35468D5228BC1077004D8216 /* CalendarView.swift */ = {isa = PBXFileReference; lastKnownFileType = sourcecode.swift; path = CalendarView.swift; sourceTree = "<group>"; };
		35468D5428BC1888004D8216 /* UIView+Extension.swift */ = {isa = PBXFileReference; lastKnownFileType = sourcecode.swift; path = "UIView+Extension.swift"; sourceTree = "<group>"; };
		35FF376628750AB800238889 /* neonLight01.app */ = {isa = PBXFileReference; explicitFileType = wrapper.application; includeInIndex = 0; path = neonLight01.app; sourceTree = BUILT_PRODUCTS_DIR; };
		35FF376928750AB800238889 /* AppDelegate.swift */ = {isa = PBXFileReference; lastKnownFileType = sourcecode.swift; path = AppDelegate.swift; sourceTree = "<group>"; };
		35FF376B28750AB800238889 /* SceneDelegate.swift */ = {isa = PBXFileReference; lastKnownFileType = sourcecode.swift; path = SceneDelegate.swift; sourceTree = "<group>"; };
		35FF376D28750AB800238889 /* ViewController.swift */ = {isa = PBXFileReference; lastKnownFileType = sourcecode.swift; path = ViewController.swift; sourceTree = "<group>"; };
		35FF377028750AB800238889 /* Base */ = {isa = PBXFileReference; lastKnownFileType = file.storyboard; name = Base; path = Base.lproj/Main.storyboard; sourceTree = "<group>"; };
		35FF377228750ABD00238889 /* Assets.xcassets */ = {isa = PBXFileReference; lastKnownFileType = folder.assetcatalog; path = Assets.xcassets; sourceTree = "<group>"; };
		35FF377528750ABD00238889 /* Base */ = {isa = PBXFileReference; lastKnownFileType = file.storyboard; name = Base; path = Base.lproj/LaunchScreen.storyboard; sourceTree = "<group>"; };
		35FF377728750ABD00238889 /* Info.plist */ = {isa = PBXFileReference; lastKnownFileType = text.plist.xml; path = Info.plist; sourceTree = "<group>"; };
/* End PBXFileReference section */

/* Begin PBXFrameworksBuildPhase section */
		35FF376328750AB800238889 /* Frameworks */ = {
			isa = PBXFrameworksBuildPhase;
			buildActionMask = 2147483647;
			files = (
				351CB34128BA6AF300E11A0D /* SnapKit in Frameworks */,
				35468D5128BC1059004D8216 /* FSCalendar in Frameworks */,
				351CB34F28BA762400E11A0D /* Then in Frameworks */,
				35468D4A28BBAEE7004D8216 /* Realm in Frameworks */,
				35468D4C28BBAEE7004D8216 /* RealmSwift in Frameworks */,
				35127D1028BB6F3700D5EBC4 /* IQKeyboardManagerSwift in Frameworks */,
			);
			runOnlyForDeploymentPostprocessing = 0;
		};
/* End PBXFrameworksBuildPhase section */

/* Begin PBXGroup section */
		3500E46928BA53F500DCEDAA /* Diary */ = {
			isa = PBXGroup;
			children = (
				3500E46128B9A36100DCEDAA /* DiaryViewController.swift */,
				3500E46A28BA541100DCEDAA /* DiaryView.swift */,
				351CB34428BA6C5900E11A0D /* DiaryTableViewCell.swift */,
				351CB35328BB49E800E11A0D /* DiaryPhotoCollectionViewCell.swift */,
				3500E47028BA608500DCEDAA /* Write */,
			);
			path = Diary;
			sourceTree = "<group>";
		};
		3500E47028BA608500DCEDAA /* Write */ = {
			isa = PBXGroup;
			children = (
				3500E46C28BA5AA200DCEDAA /* WriteViewController.swift */,
				3500E46E28BA5AAE00DCEDAA /* WriteView.swift */,
				35468D4628BB8904004D8216 /* WritePhotoCollectionViewCell.swift */,
			);
			path = Write;
			sourceTree = "<group>";
		};
		351CB34828BA71D700E11A0D /* Base */ = {
			isa = PBXGroup;
			children = (
				351CB34228BA6B6800E11A0D /* BaseView.swift */,
				351CB34B28BA746800E11A0D /* BaseLabel.swift */,
				351CB34628BA715F00E11A0D /* BaseTableViewCell.swift */,
				351CB35028BB3DAC00E11A0D /* BaseButton.swift */,
				351CB34928BA71E800E11A0D /* BaseViewController.swift */,
				35127D0C28BB6A1D00D5EBC4 /* BaseTextField.swift */,
			);
			path = Base;
			sourceTree = "<group>";
		};
		351CB35228BB3E1F00E11A0D /* Calendar */ = {
			isa = PBXGroup;
			children = (
				3500E45D28B9A0B400DCEDAA /* CalendarViewController.swift */,
				35468D5228BC1077004D8216 /* CalendarView.swift */,
			);
			path = Calendar;
			sourceTree = "<group>";
		};
		35FF375D28750AB800238889 = {
			isa = PBXGroup;
			children = (
				35FF376828750AB800238889 /* neonLight01 */,
				35FF376728750AB800238889 /* Products */,
			);
			sourceTree = "<group>";
		};
		35FF376728750AB800238889 /* Products */ = {
			isa = PBXGroup;
			children = (
				35FF376628750AB800238889 /* neonLight01.app */,
			);
			name = Products;
			sourceTree = "<group>";
		};
		35FF376828750AB800238889 /* neonLight01 */ = {
			isa = PBXGroup;
			children = (
				3500E46528B9A56F00DCEDAA /* UIViewController+Extension.swift */,
				35468D5428BC1888004D8216 /* UIView+Extension.swift */,
				3500E46728BA459500DCEDAA /* ReusableProtocol.swift */,
				35468D4D28BBAF28004D8216 /* Model.swift */,
				351CB34828BA71D700E11A0D /* Base */,
				351CB33D28BA69F900E11A0D /* TabBarController.swift */,
				351CB35228BB3E1F00E11A0D /* Calendar */,
				3500E46928BA53F500DCEDAA /* Diary */,
				3500E46328B9A3A200DCEDAA /* DataViewController.swift */,
				35FF376D28750AB800238889 /* ViewController.swift */,
				35FF376B28750AB800238889 /* SceneDelegate.swift */,
				35FF376928750AB800238889 /* AppDelegate.swift */,
				35FF376F28750AB800238889 /* Main.storyboard */,
				35FF377228750ABD00238889 /* Assets.xcassets */,
				35FF377428750ABD00238889 /* LaunchScreen.storyboard */,
				35FF377728750ABD00238889 /* Info.plist */,
			);
			path = neonLight01;
			sourceTree = "<group>";
		};
/* End PBXGroup section */

/* Begin PBXNativeTarget section */
		35FF376528750AB800238889 /* neonLight01 */ = {
			isa = PBXNativeTarget;
			buildConfigurationList = 35FF377A28750ABD00238889 /* Build configuration list for PBXNativeTarget "neonLight01" */;
			buildPhases = (
				35FF376228750AB800238889 /* Sources */,
				35FF376328750AB800238889 /* Frameworks */,
				35FF376428750AB800238889 /* Resources */,
			);
			buildRules = (
			);
			dependencies = (
			);
			name = neonLight01;
			packageProductDependencies = (
				351CB34028BA6AF300E11A0D /* SnapKit */,
				351CB34E28BA762400E11A0D /* Then */,
				35127D0F28BB6F3700D5EBC4 /* IQKeyboardManagerSwift */,
				35468D4928BBAEE7004D8216 /* Realm */,
				35468D4B28BBAEE7004D8216 /* RealmSwift */,
				35468D5028BC1059004D8216 /* FSCalendar */,
			);
			productName = neonLight01;
			productReference = 35FF376628750AB800238889 /* neonLight01.app */;
			productType = "com.apple.product-type.application";
		};
/* End PBXNativeTarget section */

/* Begin PBXProject section */
		35FF375E28750AB800238889 /* Project object */ = {
			isa = PBXProject;
			attributes = {
				BuildIndependentTargetsInParallel = 1;
				LastSwiftUpdateCheck = 1340;
				LastUpgradeCheck = 1340;
				TargetAttributes = {
					35FF376528750AB800238889 = {
						CreatedOnToolsVersion = 13.4.1;
					};
				};
			};
			buildConfigurationList = 35FF376128750AB800238889 /* Build configuration list for PBXProject "neonLight01" */;
			compatibilityVersion = "Xcode 13.0";
			developmentRegion = en;
			hasScannedForEncodings = 0;
			knownRegions = (
				en,
				Base,
			);
			mainGroup = 35FF375D28750AB800238889;
			packageReferences = (
				351CB33F28BA6AF300E11A0D /* XCRemoteSwiftPackageReference "SnapKit" */,
				351CB34D28BA762400E11A0D /* XCRemoteSwiftPackageReference "Then" */,
				35127D0E28BB6F3700D5EBC4 /* XCRemoteSwiftPackageReference "IQKeyboardManager" */,
				35468D4828BBAEE7004D8216 /* XCRemoteSwiftPackageReference "realm-swift" */,
				35468D4F28BC1059004D8216 /* XCRemoteSwiftPackageReference "FSCalendar" */,
			);
			productRefGroup = 35FF376728750AB800238889 /* Products */;
			projectDirPath = "";
			projectRoot = "";
			targets = (
				35FF376528750AB800238889 /* neonLight01 */,
			);
		};
/* End PBXProject section */

/* Begin PBXResourcesBuildPhase section */
		35FF376428750AB800238889 /* Resources */ = {
			isa = PBXResourcesBuildPhase;
			buildActionMask = 2147483647;
			files = (
				35FF377628750ABD00238889 /* LaunchScreen.storyboard in Resources */,
				35FF377328750ABD00238889 /* Assets.xcassets in Resources */,
				35FF377128750AB800238889 /* Main.storyboard in Resources */,
			);
			runOnlyForDeploymentPostprocessing = 0;
		};
/* End PBXResourcesBuildPhase section */

/* Begin PBXSourcesBuildPhase section */
		35FF376228750AB800238889 /* Sources */ = {
			isa = PBXSourcesBuildPhase;
			buildActionMask = 2147483647;
			files = (
				3500E46B28BA541100DCEDAA /* DiaryView.swift in Sources */,
				351CB34328BA6B6800E11A0D /* BaseView.swift in Sources */,
				35468D5328BC1077004D8216 /* CalendarView.swift in Sources */,
				35127D0D28BB6A1D00D5EBC4 /* BaseTextField.swift in Sources */,
				351CB35428BB49E900E11A0D /* DiaryPhotoCollectionViewCell.swift in Sources */,
				3500E46D28BA5AA200DCEDAA /* WriteViewController.swift in Sources */,
				3500E46628B9A56F00DCEDAA /* UIViewController+Extension.swift in Sources */,
				351CB35128BB3DAC00E11A0D /* BaseButton.swift in Sources */,
				3500E45E28B9A0B400DCEDAA /* CalendarViewController.swift in Sources */,
				3500E46428B9A3A200DCEDAA /* DataViewController.swift in Sources */,
				351CB34C28BA746800E11A0D /* BaseLabel.swift in Sources */,
				3500E46228B9A36100DCEDAA /* DiaryViewController.swift in Sources */,
				351CB34528BA6C5900E11A0D /* DiaryTableViewCell.swift in Sources */,
				35FF376E28750AB800238889 /* ViewController.swift in Sources */,
				3500E46F28BA5AAE00DCEDAA /* WriteView.swift in Sources */,
				35FF376A28750AB800238889 /* AppDelegate.swift in Sources */,
				351CB33E28BA69F900E11A0D /* TabBarController.swift in Sources */,
				35468D4728BB8904004D8216 /* WritePhotoCollectionViewCell.swift in Sources */,
				35468D5528BC1888004D8216 /* UIView+Extension.swift in Sources */,
				35FF376C28750AB800238889 /* SceneDelegate.swift in Sources */,
				351CB34A28BA71E800E11A0D /* BaseViewController.swift in Sources */,
				35468D4E28BBAF28004D8216 /* Model.swift in Sources */,
				351CB34728BA715F00E11A0D /* BaseTableViewCell.swift in Sources */,
				3500E46828BA459500DCEDAA /* ReusableProtocol.swift in Sources */,
			);
			runOnlyForDeploymentPostprocessing = 0;
		};
/* End PBXSourcesBuildPhase section */

/* Begin PBXVariantGroup section */
		35FF376F28750AB800238889 /* Main.storyboard */ = {
			isa = PBXVariantGroup;
			children = (
				35FF377028750AB800238889 /* Base */,
			);
			name = Main.storyboard;
			sourceTree = "<group>";
		};
		35FF377428750ABD00238889 /* LaunchScreen.storyboard */ = {
			isa = PBXVariantGroup;
			children = (
				35FF377528750ABD00238889 /* Base */,
			);
			name = LaunchScreen.storyboard;
			sourceTree = "<group>";
		};
/* End PBXVariantGroup section */

/* Begin XCBuildConfiguration section */
		35FF377828750ABD00238889 /* Debug */ = {
			isa = XCBuildConfiguration;
			buildSettings = {
				ALWAYS_SEARCH_USER_PATHS = NO;
				CLANG_ANALYZER_NONNULL = YES;
				CLANG_ANALYZER_NUMBER_OBJECT_CONVERSION = YES_AGGRESSIVE;
				CLANG_CXX_LANGUAGE_STANDARD = "gnu++17";
				CLANG_ENABLE_MODULES = YES;
				CLANG_ENABLE_OBJC_ARC = YES;
				CLANG_ENABLE_OBJC_WEAK = YES;
				CLANG_WARN_BLOCK_CAPTURE_AUTORELEASING = YES;
				CLANG_WARN_BOOL_CONVERSION = YES;
				CLANG_WARN_COMMA = YES;
				CLANG_WARN_CONSTANT_CONVERSION = YES;
				CLANG_WARN_DEPRECATED_OBJC_IMPLEMENTATIONS = YES;
				CLANG_WARN_DIRECT_OBJC_ISA_USAGE = YES_ERROR;
				CLANG_WARN_DOCUMENTATION_COMMENTS = YES;
				CLANG_WARN_EMPTY_BODY = YES;
				CLANG_WARN_ENUM_CONVERSION = YES;
				CLANG_WARN_INFINITE_RECURSION = YES;
				CLANG_WARN_INT_CONVERSION = YES;
				CLANG_WARN_NON_LITERAL_NULL_CONVERSION = YES;
				CLANG_WARN_OBJC_IMPLICIT_RETAIN_SELF = YES;
				CLANG_WARN_OBJC_LITERAL_CONVERSION = YES;
				CLANG_WARN_OBJC_ROOT_CLASS = YES_ERROR;
				CLANG_WARN_QUOTED_INCLUDE_IN_FRAMEWORK_HEADER = YES;
				CLANG_WARN_RANGE_LOOP_ANALYSIS = YES;
				CLANG_WARN_STRICT_PROTOTYPES = YES;
				CLANG_WARN_SUSPICIOUS_MOVE = YES;
				CLANG_WARN_UNGUARDED_AVAILABILITY = YES_AGGRESSIVE;
				CLANG_WARN_UNREACHABLE_CODE = YES;
				CLANG_WARN__DUPLICATE_METHOD_MATCH = YES;
				COPY_PHASE_STRIP = NO;
				DEBUG_INFORMATION_FORMAT = dwarf;
				ENABLE_STRICT_OBJC_MSGSEND = YES;
				ENABLE_TESTABILITY = YES;
				GCC_C_LANGUAGE_STANDARD = gnu11;
				GCC_DYNAMIC_NO_PIC = NO;
				GCC_NO_COMMON_BLOCKS = YES;
				GCC_OPTIMIZATION_LEVEL = 0;
				GCC_PREPROCESSOR_DEFINITIONS = (
					"DEBUG=1",
					"$(inherited)",
				);
				GCC_WARN_64_TO_32_BIT_CONVERSION = YES;
				GCC_WARN_ABOUT_RETURN_TYPE = YES_ERROR;
				GCC_WARN_UNDECLARED_SELECTOR = YES;
				GCC_WARN_UNINITIALIZED_AUTOS = YES_AGGRESSIVE;
				GCC_WARN_UNUSED_FUNCTION = YES;
				GCC_WARN_UNUSED_VARIABLE = YES;
				IPHONEOS_DEPLOYMENT_TARGET = 15.5;
				MTL_ENABLE_DEBUG_INFO = INCLUDE_SOURCE;
				MTL_FAST_MATH = YES;
				ONLY_ACTIVE_ARCH = YES;
				SDKROOT = iphoneos;
				SWIFT_ACTIVE_COMPILATION_CONDITIONS = DEBUG;
				SWIFT_OPTIMIZATION_LEVEL = "-Onone";
			};
			name = Debug;
		};
		35FF377928750ABD00238889 /* Release */ = {
			isa = XCBuildConfiguration;
			buildSettings = {
				ALWAYS_SEARCH_USER_PATHS = NO;
				CLANG_ANALYZER_NONNULL = YES;
				CLANG_ANALYZER_NUMBER_OBJECT_CONVERSION = YES_AGGRESSIVE;
				CLANG_CXX_LANGUAGE_STANDARD = "gnu++17";
				CLANG_ENABLE_MODULES = YES;
				CLANG_ENABLE_OBJC_ARC = YES;
				CLANG_ENABLE_OBJC_WEAK = YES;
				CLANG_WARN_BLOCK_CAPTURE_AUTORELEASING = YES;
				CLANG_WARN_BOOL_CONVERSION = YES;
				CLANG_WARN_COMMA = YES;
				CLANG_WARN_CONSTANT_CONVERSION = YES;
				CLANG_WARN_DEPRECATED_OBJC_IMPLEMENTATIONS = YES;
				CLANG_WARN_DIRECT_OBJC_ISA_USAGE = YES_ERROR;
				CLANG_WARN_DOCUMENTATION_COMMENTS = YES;
				CLANG_WARN_EMPTY_BODY = YES;
				CLANG_WARN_ENUM_CONVERSION = YES;
				CLANG_WARN_INFINITE_RECURSION = YES;
				CLANG_WARN_INT_CONVERSION = YES;
				CLANG_WARN_NON_LITERAL_NULL_CONVERSION = YES;
				CLANG_WARN_OBJC_IMPLICIT_RETAIN_SELF = YES;
				CLANG_WARN_OBJC_LITERAL_CONVERSION = YES;
				CLANG_WARN_OBJC_ROOT_CLASS = YES_ERROR;
				CLANG_WARN_QUOTED_INCLUDE_IN_FRAMEWORK_HEADER = YES;
				CLANG_WARN_RANGE_LOOP_ANALYSIS = YES;
				CLANG_WARN_STRICT_PROTOTYPES = YES;
				CLANG_WARN_SUSPICIOUS_MOVE = YES;
				CLANG_WARN_UNGUARDED_AVAILABILITY = YES_AGGRESSIVE;
				CLANG_WARN_UNREACHABLE_CODE = YES;
				CLANG_WARN__DUPLICATE_METHOD_MATCH = YES;
				COPY_PHASE_STRIP = NO;
				DEBUG_INFORMATION_FORMAT = "dwarf-with-dsym";
				ENABLE_NS_ASSERTIONS = NO;
				ENABLE_STRICT_OBJC_MSGSEND = YES;
				GCC_C_LANGUAGE_STANDARD = gnu11;
				GCC_NO_COMMON_BLOCKS = YES;
				GCC_WARN_64_TO_32_BIT_CONVERSION = YES;
				GCC_WARN_ABOUT_RETURN_TYPE = YES_ERROR;
				GCC_WARN_UNDECLARED_SELECTOR = YES;
				GCC_WARN_UNINITIALIZED_AUTOS = YES_AGGRESSIVE;
				GCC_WARN_UNUSED_FUNCTION = YES;
				GCC_WARN_UNUSED_VARIABLE = YES;
				IPHONEOS_DEPLOYMENT_TARGET = 15.5;
				MTL_ENABLE_DEBUG_INFO = NO;
				MTL_FAST_MATH = YES;
				SDKROOT = iphoneos;
				SWIFT_COMPILATION_MODE = wholemodule;
				SWIFT_OPTIMIZATION_LEVEL = "-O";
				VALIDATE_PRODUCT = YES;
			};
			name = Release;
		};
		35FF377B28750ABD00238889 /* Debug */ = {
			isa = XCBuildConfiguration;
			buildSettings = {
				ASSETCATALOG_COMPILER_APPICON_NAME = AppIcon;
				ASSETCATALOG_COMPILER_GLOBAL_ACCENT_COLOR_NAME = AccentColor;
				CODE_SIGN_STYLE = Automatic;
				CURRENT_PROJECT_VERSION = 1;
				DEVELOPMENT_TEAM = BG68R7N92W;
				GENERATE_INFOPLIST_FILE = YES;
				INFOPLIST_FILE = neonLight01/Info.plist;
				INFOPLIST_KEY_UIApplicationSupportsIndirectInputEvents = YES;
				INFOPLIST_KEY_UILaunchStoryboardName = LaunchScreen;
				INFOPLIST_KEY_UIMainStoryboardFile = Main;
				INFOPLIST_KEY_UISupportedInterfaceOrientations = UIInterfaceOrientationPortrait;
				INFOPLIST_KEY_UISupportedInterfaceOrientations_iPad = "UIInterfaceOrientationPortrait UIInterfaceOrientationPortraitUpsideDown UIInterfaceOrientationLandscapeLeft UIInterfaceOrientationLandscapeRight";
				INFOPLIST_KEY_UISupportedInterfaceOrientations_iPhone = UIInterfaceOrientationPortrait;
				INFOPLIST_KEY_UIUserInterfaceStyle = Light;
				IPHONEOS_DEPLOYMENT_TARGET = 15.0;
				LD_RUNPATH_SEARCH_PATHS = (
					"$(inherited)",
					"@executable_path/Frameworks",
				);
				MARKETING_VERSION = 1.0;
				PRODUCT_BUNDLE_IDENTIFIER = com.soul.neonLight01;
				PRODUCT_NAME = "$(TARGET_NAME)";
				SWIFT_EMIT_LOC_STRINGS = YES;
				SWIFT_VERSION = 5.0;
				TARGETED_DEVICE_FAMILY = 1;
			};
			name = Debug;
		};
		35FF377C28750ABD00238889 /* Release */ = {
			isa = XCBuildConfiguration;
			buildSettings = {
				ASSETCATALOG_COMPILER_APPICON_NAME = AppIcon;
				ASSETCATALOG_COMPILER_GLOBAL_ACCENT_COLOR_NAME = AccentColor;
				CODE_SIGN_STYLE = Automatic;
				CURRENT_PROJECT_VERSION = 1;
				DEVELOPMENT_TEAM = BG68R7N92W;
				GENERATE_INFOPLIST_FILE = YES;
				INFOPLIST_FILE = neonLight01/Info.plist;
				INFOPLIST_KEY_UIApplicationSupportsIndirectInputEvents = YES;
				INFOPLIST_KEY_UILaunchStoryboardName = LaunchScreen;
				INFOPLIST_KEY_UIMainStoryboardFile = Main;
				INFOPLIST_KEY_UISupportedInterfaceOrientations = UIInterfaceOrientationPortrait;
				INFOPLIST_KEY_UISupportedInterfaceOrientations_iPad = "UIInterfaceOrientationPortrait UIInterfaceOrientationPortraitUpsideDown UIInterfaceOrientationLandscapeLeft UIInterfaceOrientationLandscapeRight";
				INFOPLIST_KEY_UISupportedInterfaceOrientations_iPhone = UIInterfaceOrientationPortrait;
				INFOPLIST_KEY_UIUserInterfaceStyle = Light;
				IPHONEOS_DEPLOYMENT_TARGET = 15.0;
				LD_RUNPATH_SEARCH_PATHS = (
					"$(inherited)",
					"@executable_path/Frameworks",
				);
				MARKETING_VERSION = 1.0;
				PRODUCT_BUNDLE_IDENTIFIER = com.soul.neonLight01;
				PRODUCT_NAME = "$(TARGET_NAME)";
				SWIFT_EMIT_LOC_STRINGS = YES;
				SWIFT_VERSION = 5.0;
				TARGETED_DEVICE_FAMILY = 1;
			};
			name = Release;
		};
/* End XCBuildConfiguration section */

/* Begin XCConfigurationList section */
		35FF376128750AB800238889 /* Build configuration list for PBXProject "neonLight01" */ = {
			isa = XCConfigurationList;
			buildConfigurations = (
				35FF377828750ABD00238889 /* Debug */,
				35FF377928750ABD00238889 /* Release */,
			);
			defaultConfigurationIsVisible = 0;
			defaultConfigurationName = Release;
		};
		35FF377A28750ABD00238889 /* Build configuration list for PBXNativeTarget "neonLight01" */ = {
			isa = XCConfigurationList;
			buildConfigurations = (
				35FF377B28750ABD00238889 /* Debug */,
				35FF377C28750ABD00238889 /* Release */,
			);
			defaultConfigurationIsVisible = 0;
			defaultConfigurationName = Release;
		};
/* End XCConfigurationList section */

/* Begin XCRemoteSwiftPackageReference section */
		35127D0E28BB6F3700D5EBC4 /* XCRemoteSwiftPackageReference "IQKeyboardManager" */ = {
			isa = XCRemoteSwiftPackageReference;
			repositoryURL = "https://github.com/hackiftekhar/IQKeyboardManager.git";
			requirement = {
				kind = upToNextMajorVersion;
				minimumVersion = 6.5.0;
			};
		};
		351CB33F28BA6AF300E11A0D /* XCRemoteSwiftPackageReference "SnapKit" */ = {
			isa = XCRemoteSwiftPackageReference;
			repositoryURL = "https://github.com/SnapKit/SnapKit.git";
			requirement = {
				kind = upToNextMajorVersion;
				minimumVersion = 5.0.0;
			};
		};
		351CB34D28BA762400E11A0D /* XCRemoteSwiftPackageReference "Then" */ = {
			isa = XCRemoteSwiftPackageReference;
			repositoryURL = "https://github.com/devxoul/Then.git";
			requirement = {
				kind = upToNextMajorVersion;
				minimumVersion = 3.0.0;
			};
		};
		35468D4828BBAEE7004D8216 /* XCRemoteSwiftPackageReference "realm-swift" */ = {
			isa = XCRemoteSwiftPackageReference;
			repositoryURL = "https://github.com/realm/realm-swift.git";
			requirement = {
				kind = upToNextMajorVersion;
				minimumVersion = 10.0.0;
			};
		};
		35468D4F28BC1059004D8216 /* XCRemoteSwiftPackageReference "FSCalendar" */ = {
			isa = XCRemoteSwiftPackageReference;
			repositoryURL = "https://github.com/WenchaoD/FSCalendar.git";
			requirement = {
				kind = upToNextMajorVersion;
				minimumVersion = 2.0.0;
			};
		};
/* End XCRemoteSwiftPackageReference section */

/* Begin XCSwiftPackageProductDependency section */
		35127D0F28BB6F3700D5EBC4 /* IQKeyboardManagerSwift */ = {
			isa = XCSwiftPackageProductDependency;
			package = 35127D0E28BB6F3700D5EBC4 /* XCRemoteSwiftPackageReference "IQKeyboardManager" */;
			productName = IQKeyboardManagerSwift;
		};
		351CB34028BA6AF300E11A0D /* SnapKit */ = {
			isa = XCSwiftPackageProductDependency;
			package = 351CB33F28BA6AF300E11A0D /* XCRemoteSwiftPackageReference "SnapKit" */;
			productName = SnapKit;
		};
		351CB34E28BA762400E11A0D /* Then */ = {
			isa = XCSwiftPackageProductDependency;
			package = 351CB34D28BA762400E11A0D /* XCRemoteSwiftPackageReference "Then" */;
			productName = Then;
		};
		35468D4928BBAEE7004D8216 /* Realm */ = {
			isa = XCSwiftPackageProductDependency;
			package = 35468D4828BBAEE7004D8216 /* XCRemoteSwiftPackageReference "realm-swift" */;
			productName = Realm;
		};
		35468D4B28BBAEE7004D8216 /* RealmSwift */ = {
			isa = XCSwiftPackageProductDependency;
			package = 35468D4828BBAEE7004D8216 /* XCRemoteSwiftPackageReference "realm-swift" */;
			productName = RealmSwift;
		};
		35468D5028BC1059004D8216 /* FSCalendar */ = {
			isa = XCSwiftPackageProductDependency;
			package = 35468D4F28BC1059004D8216 /* XCRemoteSwiftPackageReference "FSCalendar" */;
			productName = FSCalendar;
		};
/* End XCSwiftPackageProductDependency section */
	};
	rootObject = 35FF375E28750AB800238889 /* Project object */;
}
